
Microsoft Visual Studio Solution File, Format Version 12.00
# Visual Studio 15
VisualStudioVersion = 15.0.27004.2009
MinimumVisualStudioVersion = 10.0.40219.1
Project("{FAE04EC0-301F-11D3-BF4B-00C04F79EFBC}") = "HW-LVL2-7", "HW-LVL2-7\HW-LVL2-7.csproj", "{29C1DFA9-F9A6-4010-B2F1-67BC6E0FED4F}"
EndProject
Global
	GlobalSection(SolutionConfigurationPlatforms) = preSolution
		Debug|Any CPU = Debug|Any CPU
		Release|Any CPU = Release|Any CPU
	EndGlobalSection
	GlobalSection(ProjectConfigurationPlatforms) = postSolution
		{29C1DFA9-F9A6-4010-B2F1-67BC6E0FED4F}.Debug|Any CPU.ActiveCfg = Debug|Any CPU
		{29C1DFA9-F9A6-4010-B2F1-67BC6E0FED4F}.Debug|Any CPU.Build.0 = Debug|Any CPU
		{29C1DFA9-F9A6-4010-B2F1-67BC6E0FED4F}.Release|Any CPU.ActiveCfg = Release|Any CPU
		{29C1DFA9-F9A6-4010-B2F1-67BC6E0FED4F}.Release|Any CPU.Build.0 = Release|Any CPU
	EndGlobalSection
	GlobalSection(SolutionProperties) = preSolution
		HideSolutionNode = FALSE
	EndGlobalSection
	GlobalSection(ExtensibilityGlobals) = postSolution
		SolutionGuid = {4DD149DC-8405-42C5-8A6F-6EB6ACEEDD3C}
	EndGlobalSection
EndGlobal
